// !$*UTF8*$!
{
	archiveVersion = 1;
	classes = {
	};
	objectVersion = 54;
	objects = {

/* Begin PBXBuildFile section */
		2000000 /* AppDelegate.swift in Sources */ = {isa = PBXBuildFile; fileRef = 1000000 /* AppDelegate.swift */; };
		2000001 /* EPZGameTurboApp.swift in Sources */ = {isa = PBXBuildFile; fileRef = 1000001 /* EPZGameTurboApp.swift */; };
		2000002 /* LicenseManager.swift in Sources */ = {isa = PBXBuildFile; fileRef = 1000002 /* LicenseManager.swift */; };
		2000003 /* SuperTouchPrefs.swift in Sources */ = {isa = PBXBuildFile; fileRef = 1000003 /* SuperTouchPrefs.swift */; };
		2000004 /* SystemMonitor.swift in Sources */ = {isa = PBXBuildFile; fileRef = 1000004 /* SystemMonitor.swift */; };
		2000005 /* LicenseView.swift in Sources */ = {isa = PBXBuildFile; fileRef = 1000005 /* LicenseView.swift */; };
		2000006 /* MainDashboardView.swift in Sources */ = {isa = PBXBuildFile; fileRef = 1000006 /* MainDashboardView.swift */; };
		2000007 /* FloatingOverlayView.swift in Sources */ = {isa = PBXBuildFile; fileRef = 1000007 /* FloatingOverlayView.swift */; };
		2000008 /* SensitivityOverlayView.swift in Sources */ = {isa = PBXBuildFile; fileRef = 1000008 /* SensitivityOverlayView.swift */; };
/* End PBXBuildFile section */

/* Begin PBXFileReference section */
		1000000 /* AppDelegate.swift */ = {isa = PBXFileReference; lastKnownFileType = sourcecode.swift; path = AppDelegate.swift; sourceTree = "<group>"; };
		1000001 /* EPZGameTurboApp.swift */ = {isa = PBXFileReference; lastKnownFileType = sourcecode.swift; path = EPZGameTurboApp.swift; sourceTree = "<group>"; };
		1000002 /* LicenseManager.swift */ = {isa = PBXFileReference; lastKnownFileType = sourcecode.swift; path = LicenseManager.swift; sourceTree = "<group>"; };
		1000003 /* SuperTouchPrefs.swift */ = {isa = PBXFileReference; lastKnownFileType = sourcecode.swift; path = SuperTouchPrefs.swift; sourceTree = "<group>"; };
		1000004 /* SystemMonitor.swift */ = {isa = PBXFileReference; lastKnownFileType = sourcecode.swift; path = SystemMonitor.swift; sourceTree = "<group>"; };
		1000005 /* LicenseView.swift */ = {isa = PBXFileReference; lastKnownFileType = sourcecode.swift; path = LicenseView.swift; sourceTree = "<group>"; };
		1000006 /* MainDashboardView.swift */ = {isa = PBXFileReference; lastKnownFileType = sourcecode.swift; path = MainDashboardView.swift; sourceTree = "<group>"; };
		1000007 /* FloatingOverlayView.swift */ = {isa = PBXFileReference; lastKnownFileType = sourcecode.swift; path = FloatingOverlayView.swift; sourceTree = "<group>"; };
		1000008 /* SensitivityOverlayView.swift */ = {isa = PBXFileReference; lastKnownFileType = sourcecode.swift; path = SensitivityOverlayView.swift; sourceTree = "<group>"; };
		1000009 /* Info.plist */ = {isa = PBXFileReference; lastKnownFileType = text.plist.xml; path = Info.plist; sourceTree = "<group>"; };
		3000001 /* EPZGameTurbo.app */ = {isa = PBXFileReference; explicitFileType = wrapper.application; includeInIndex = 0; path = EPZGameTurbo.app; sourceTree = BUILT_PRODUCTS_DIR; };
/* End PBXFileReference section */

/* Begin PBXFrameworksBuildPhase section */
		4000001 /* Frameworks */ = {
			isa = PBXFrameworksBuildPhase;
			buildActionMask = 2147483647;
			files = (
			);
			runOnlyForDeploymentPostprocessing = 0;
		};
/* End PBXFrameworksBuildPhase section */

/* Begin PBXGroup section */
		6000000 /* Main Root Group */ = {
			isa = PBXGroup;
			children = (
				6000001 /* EPZGameTurbo */,
				6000002 /* Products */,
			);
			sourceTree = SOURCE_ROOT;
		};
		6000001 /* EPZGameTurbo */ = {
			isa = PBXGroup;
			children = (
				1000000 /* AppDelegate.swift */,
				1000001 /* EPZGameTurboApp.swift */,
				1000002 /* LicenseManager.swift */,
				1000003 /* SuperTouchPrefs.swift */,
				1000004 /* SystemMonitor.swift */,
				1000005 /* LicenseView.swift */,
				1000006 /* MainDashboardView.swift */,
				1000007 /* FloatingOverlayView.swift */,
				1000008 /* SensitivityOverlayView.swift */,
				1000009 /* Info.plist */,
			);
			path = EPZGameTurbo;
			sourceTree = SOURCE_ROOT;
		};
		6000002 /* Products */ = {
			isa = PBXGroup;
			children = (
				3000001 /* EPZGameTurbo.app */,
			);
			name = Products;
			sourceTree = "<group>";
		};
/* End PBXGroup section */

/* Begin PBXNativeTarget section */
		7000001 /* EPZGameTurbo */ = {
			isa = PBXNativeTarget;
			buildConfigurationList = 9000001 /* Build configuration list for PBXNativeTarget "EPZGameTurbo" */;
			buildPhases = (
				5000001 /* Sources */,
				4000001 /* Frameworks */,
			);
			buildRules = (
			);
			dependencies = (
			);
			name = EPZGameTurbo;
			productName = EPZGameTurbo;
			productReference = 3000001 /* EPZGameTurbo.app */;
			productType = "com.apple.product-type.application";
		};
/* End PBXNativeTarget section */

/* Begin PBXProject section */
		8000001 /* Project Object */ = {
			isa = PBXProject;
			attributes = {
				BuildIndependentTargetsInParallel = 1;
				LastSwiftUpdateCheck = 1500;
				LastUpgradeCheck = 1500;
			};
			buildConfigurationList = 9000002 /* Build configuration list for PBXProject "EPZGameTurbo" */;
			compatibilityVersion = "Xcode 14.0";
			developmentRegion = en;
			hasScannedForEncodings = 0;
			knownRegions = (
				en,
				Base,
			);
			mainGroup = 6000000 /* Main Root Group */;
			productRefGroup = 6000002 /* Products */;
			projectDirPath = "..";
			projectRoot = "";
			targets = (
				7000001 /* EPZGameTurbo */,
			);
		};
/* End PBXProject section */

/* Begin PBXSourcesBuildPhase section */
		5000001 /* Sources */ = {
			isa = PBXSourcesBuildPhase;
			buildActionMask = 2147483647;
			files = (
				2000000 /* AppDelegate.swift in Sources */,
				2000001 /* EPZGameTurboApp.swift in Sources */,
				2000002 /* LicenseManager.swift in Sources */,
				2000003 /* SuperTouchPrefs.swift in Sources */,
				2000004 /* SystemMonitor.swift in Sources */,
				2000005 /* LicenseView.swift in Sources */,
				2000006 /* MainDashboardView.swift in Sources */,
				2000007 /* FloatingOverlayView.swift in Sources */,
				2000008 /* SensitivityOverlayView.swift in Sources */,
			);
			runOnlyForDeploymentPostprocessing = 0;
		};
/* End PBXSourcesBuildPhase section */

/* Begin XCBuildConfiguration section */
		9000003 /* Debug */ = {
			isa = XCBuildConfiguration;
			buildSettings = {
				ALWAYS_SEARCH_USER_PATHS = NO;
				CLANG_ENABLE_MODULES = YES;
				CODE_SIGNING_ALLOWED = NO;
				CODE_SIGNING_REQUIRED = NO;
				CODE_SIGN_IDENTITY = "";
				AD_HOC_CODE_SIGNING_ALLOWED = YES;
				INFOPLIST_FILE = EPZGameTurbo/Info.plist;
				IPHONEOS_DEPLOYMENT_TARGET = 15.0;
				PRODUCT_BUNDLE_IDENTIFIER = com.epz.gameturbo.ios;
				PRODUCT_NAME = "$(TARGET_NAME)";
				SDKROOT = iphoneos;
				SWIFT_VERSION = 5.0;
				TARGETED_DEVICE_FAMILY = "1,2";
			};
			name = Debug;
		};
		9000004 /* Release */ = {
			isa = XCBuildConfiguration;
			buildSettings = {
				ALWAYS_SEARCH_USER_PATHS = NO;
				CLANG_ENABLE_MODULES = YES;
				CODE_SIGNING_ALLOWED = NO;
				CODE_SIGNING_REQUIRED = NO;
				CODE_SIGN_IDENTITY = "";
				AD_HOC_CODE_SIGNING_ALLOWED = YES;
				INFOPLIST_FILE = EPZGameTurbo/Info.plist;
				IPHONEOS_DEPLOYMENT_TARGET = 15.0;
				PRODUCT_BUNDLE_IDENTIFIER = com.epz.gameturbo.ios;
				PRODUCT_NAME = "$(TARGET_NAME)";
				SDKROOT = iphoneos;
				SWIFT_VERSION = 5.0;
				TARGETED_DEVICE_FAMILY = "1,2";
			};
			name = Release;
		};
		9000005 /* Debug */ = {
			isa = XCBuildConfiguration;
			buildSettings = {
				ALWAYS_SEARCH_USER_PATHS = NO;
				CLANG_ENABLE_MODULES = YES;
				CODE_SIGNING_ALLOWED = NO;
				CODE_SIGNING_REQUIRED = NO;
				CODE_SIGN_IDENTITY = "";
				AD_HOC_CODE_SIGNING_ALLOWED = YES;
				IPHONEOS_DEPLOYMENT_TARGET = 15.0;
				SDKROOT = iphoneos;
				SWIFT_VERSION = 5.0;
				TARGETED_DEVICE_FAMILY = "1,2";
			};
			name = Debug;
		};
		9000006 /* Release */ = {
			isa = XCBuildConfiguration;
			buildSettings = {
				ALWAYS_SEARCH_USER_PATHS = NO;
				CLANG_ENABLE_MODULES = YES;
				CODE_SIGNING_ALLOWED = NO;
				CODE_SIGNING_REQUIRED = NO;
				CODE_SIGN_IDENTITY = "";
				AD_HOC_CODE_SIGNING_ALLOWED = YES;
				IPHONEOS_DEPLOYMENT_TARGET = 15.0;
				SDKROOT = iphoneos;
				SWIFT_VERSION = 5.0;
				TARGETED_DEVICE_FAMILY = "1,2";
			};
			name = Release;
		};
/* End XCBuildConfiguration section */

/* Begin XCConfigurationList section */
		9000001 /* Build configuration list for PBXNativeTarget "EPZGameTurbo" */ = {
			isa = XCConfigurationList;
			buildConfigurations = (
				9000003 /* Debug */,
				9000004 /* Release */,
			);
			defaultConfigurationIsVisible = 0;
			defaultConfigurationName = Release;
		};
		9000002 /* Build configuration list for PBXProject "EPZGameTurbo" */ = {
			isa = XCConfigurationList;
			buildConfigurations = (
				9000005 /* Debug */,
				9000006 /* Release */,
			);
			defaultConfigurationIsVisible = 0;
			defaultConfigurationName = Release;
		};
/* End XCConfigurationList section */
	};
	rootObject = 8000001 /* Project Object */;
}
